
Microsoft Visual Studio Solution File, Format Version 12.00
# Visual Studio Version 17
VisualStudioVersion = 17.4.33122.133
MinimumVisualStudioVersion = 10.0.40219.1
Project("{9A19103F-16F7-4668-BE54-9A1E7A4F7556}") = "E_Commerce_API", "E_Commerce_API\E_Commerce_API.csproj", "{696F6CC6-D07A-4EBB-96C5-1AF518235FF7}"
EndProject
Project("{9A19103F-16F7-4668-BE54-9A1E7A4F7556}") = "Domain", "Domain\Domain.csproj", "{F1F03E59-6BA6-47CF-BAA6-C5F522AC9C89}"
EndProject
Project("{9A19103F-16F7-4668-BE54-9A1E7A4F7556}") = "Context", "Context\Context.csproj", "{CDDF56B7-45B3-46C2-8A2E-D03808C18904}"
EndProject
Project("{9A19103F-16F7-4668-BE54-9A1E7A4F7556}") = "Reposatory", "Reposatory\Reposatory.csproj", "{8B07D297-DE35-41E2-B0D3-24363E19D0FF}"
EndProject
Project("{FAE04EC0-301F-11D3-BF4B-00C04F79EFBC}") = "Application", "Application\Application.csproj", "{3CC648D8-47B6-4AD1-BDBA-2B264C33C778}"
EndProject
Global
	GlobalSection(SolutionConfigurationPlatforms) = preSolution
		Debug|Any CPU = Debug|Any CPU
		Release|Any CPU = Release|Any CPU
	EndGlobalSection
	GlobalSection(ProjectConfigurationPlatforms) = postSolution
		{696F6CC6-D07A-4EBB-96C5-1AF518235FF7}.Debug|Any CPU.ActiveCfg = Debug|Any CPU
		{696F6CC6-D07A-4EBB-96C5-1AF518235FF7}.Debug|Any CPU.Build.0 = Debug|Any CPU
		{696F6CC6-D07A-4EBB-96C5-1AF518235FF7}.Release|Any CPU.ActiveCfg = Release|Any CPU
		{696F6CC6-D07A-4EBB-96C5-1AF518235FF7}.Release|Any CPU.Build.0 = Release|Any CPU
		{F1F03E59-6BA6-47CF-BAA6-C5F522AC9C89}.Debug|Any CPU.ActiveCfg = Debug|Any CPU
		{F1F03E59-6BA6-47CF-BAA6-C5F522AC9C89}.Debug|Any CPU.Build.0 = Debug|Any CPU
		{F1F03E59-6BA6-47CF-BAA6-C5F522AC9C89}.Release|Any CPU.ActiveCfg = Release|Any CPU
		{F1F03E59-6BA6-47CF-BAA6-C5F522AC9C89}.Release|Any CPU.Build.0 = Release|Any CPU
		{CDDF56B7-45B3-46C2-8A2E-D03808C18904}.Debug|Any CPU.ActiveCfg = Debug|Any CPU
		{CDDF56B7-45B3-46C2-8A2E-D03808C18904}.Debug|Any CPU.Build.0 = Debug|Any CPU
		{CDDF56B7-45B3-46C2-8A2E-D03808C18904}.Release|Any CPU.ActiveCfg = Release|Any CPU
		{CDDF56B7-45B3-46C2-8A2E-D03808C18904}.Release|Any CPU.Build.0 = Release|Any CPU
		{8B07D297-DE35-41E2-B0D3-24363E19D0FF}.Debug|Any CPU.ActiveCfg = Debug|Any CPU
		{8B07D297-DE35-41E2-B0D3-24363E19D0FF}.Debug|Any CPU.Build.0 = Debug|Any CPU
		{8B07D297-DE35-41E2-B0D3-24363E19D0FF}.Release|Any CPU.ActiveCfg = Release|Any CPU
		{8B07D297-DE35-41E2-B0D3-24363E19D0FF}.Release|Any CPU.Build.0 = Release|Any CPU
		{3CC648D8-47B6-4AD1-BDBA-2B264C33C778}.Debug|Any CPU.ActiveCfg = Debug|Any CPU
		{3CC648D8-47B6-4AD1-BDBA-2B264C33C778}.Debug|Any CPU.Build.0 = Debug|Any CPU
		{3CC648D8-47B6-4AD1-BDBA-2B264C33C778}.Release|Any CPU.ActiveCfg = Release|Any CPU
		{3CC648D8-47B6-4AD1-BDBA-2B264C33C778}.Release|Any CPU.Build.0 = Release|Any CPU
	EndGlobalSection
	GlobalSection(SolutionProperties) = preSolution
		HideSolutionNode = FALSE
	EndGlobalSection
	GlobalSection(ExtensibilityGlobals) = postSolution
		SolutionGuid = {989F6B71-B15E-4457-810E-325FD7E45B8F}
	EndGlobalSection
EndGlobal
